// !$*UTF8*$!
{
	archiveVersion = 1;
	classes = {
	};
	objectVersion = 50;
	objects = {

/* Begin PBXBuildFile section */
		CEC96C5B2726F9EC00078099 /* AppDelegate.swift in Sources */ = {isa = PBXBuildFile; fileRef = CEC96C5A2726F9EC00078099 /* AppDelegate.swift */; };
		CEC96C5D2726F9EC00078099 /* SceneDelegate.swift in Sources */ = {isa = PBXBuildFile; fileRef = CEC96C5C2726F9EC00078099 /* SceneDelegate.swift */; };
		CEC96C5F2726F9EC00078099 /* ViewController.swift in Sources */ = {isa = PBXBuildFile; fileRef = CEC96C5E2726F9EC00078099 /* ViewController.swift */; };
		CEC96C622726F9EC00078099 /* Main.storyboard in Resources */ = {isa = PBXBuildFile; fileRef = CEC96C602726F9EC00078099 /* Main.storyboard */; };
		CEC96C652726F9EC00078099 /* CoreDataDemo.xcdatamodeld in Sources */ = {isa = PBXBuildFile; fileRef = CEC96C632726F9EC00078099 /* CoreDataDemo.xcdatamodeld */; };
		CEC96C672726F9ED00078099 /* Assets.xcassets in Resources */ = {isa = PBXBuildFile; fileRef = CEC96C662726F9ED00078099 /* Assets.xcassets */; };
		CEC96C6A2726F9ED00078099 /* LaunchScreen.storyboard in Resources */ = {isa = PBXBuildFile; fileRef = CEC96C682726F9ED00078099 /* LaunchScreen.storyboard */; };
		CEC96C722726FF8D00078099 /* HomeViewController.swift in Sources */ = {isa = PBXBuildFile; fileRef = CEC96C712726FF8D00078099 /* HomeViewController.swift */; };
		CEC96C7E2727073A00078099 /* HomeTableViewCell.swift in Sources */ = {isa = PBXBuildFile; fileRef = CEC96C7D2727073A00078099 /* HomeTableViewCell.swift */; };
		CEC96C81272708C800078099 /* UserModel.swift in Sources */ = {isa = PBXBuildFile; fileRef = CEC96C80272708C800078099 /* UserModel.swift */; };
		CEC96C8327270DA500078099 /* UserCoreDataAction.swift in Sources */ = {isa = PBXBuildFile; fileRef = CEC96C8227270DA500078099 /* UserCoreDataAction.swift */; };
/* End PBXBuildFile section */

/* Begin PBXFileReference section */
		CEC96C572726F9EC00078099 /* CoreDataDemo.app */ = {isa = PBXFileReference; explicitFileType = wrapper.application; includeInIndex = 0; path = CoreDataDemo.app; sourceTree = BUILT_PRODUCTS_DIR; };
		CEC96C5A2726F9EC00078099 /* AppDelegate.swift */ = {isa = PBXFileReference; lastKnownFileType = sourcecode.swift; path = AppDelegate.swift; sourceTree = "<group>"; };
		CEC96C5C2726F9EC00078099 /* SceneDelegate.swift */ = {isa = PBXFileReference; lastKnownFileType = sourcecode.swift; path = SceneDelegate.swift; sourceTree = "<group>"; };
		CEC96C5E2726F9EC00078099 /* ViewController.swift */ = {isa = PBXFileReference; lastKnownFileType = sourcecode.swift; path = ViewController.swift; sourceTree = "<group>"; };
		CEC96C612726F9EC00078099 /* Base */ = {isa = PBXFileReference; lastKnownFileType = file.storyboard; name = Base; path = Base.lproj/Main.storyboard; sourceTree = "<group>"; };
		CEC96C642726F9EC00078099 /* CoreDataDemo.xcdatamodel */ = {isa = PBXFileReference; lastKnownFileType = wrapper.xcdatamodel; path = CoreDataDemo.xcdatamodel; sourceTree = "<group>"; };
		CEC96C662726F9ED00078099 /* Assets.xcassets */ = {isa = PBXFileReference; lastKnownFileType = folder.assetcatalog; path = Assets.xcassets; sourceTree = "<group>"; };
		CEC96C692726F9ED00078099 /* Base */ = {isa = PBXFileReference; lastKnownFileType = file.storyboard; name = Base; path = Base.lproj/LaunchScreen.storyboard; sourceTree = "<group>"; };
		CEC96C6B2726F9ED00078099 /* Info.plist */ = {isa = PBXFileReference; lastKnownFileType = text.plist.xml; path = Info.plist; sourceTree = "<group>"; };
		CEC96C712726FF8D00078099 /* HomeViewController.swift */ = {isa = PBXFileReference; lastKnownFileType = sourcecode.swift; path = HomeViewController.swift; sourceTree = "<group>"; };
		CEC96C7D2727073A00078099 /* HomeTableViewCell.swift */ = {isa = PBXFileReference; lastKnownFileType = sourcecode.swift; path = HomeTableViewCell.swift; sourceTree = "<group>"; };
		CEC96C80272708C800078099 /* UserModel.swift */ = {isa = PBXFileReference; lastKnownFileType = sourcecode.swift; path = UserModel.swift; sourceTree = "<group>"; };
		CEC96C8227270DA500078099 /* UserCoreDataAction.swift */ = {isa = PBXFileReference; lastKnownFileType = sourcecode.swift; path = UserCoreDataAction.swift; sourceTree = "<group>"; };
/* End PBXFileReference section */

/* Begin PBXFrameworksBuildPhase section */
		CEC96C542726F9EC00078099 /* Frameworks */ = {
			isa = PBXFrameworksBuildPhase;
			buildActionMask = 2147483647;
			files = (
			);
			runOnlyForDeploymentPostprocessing = 0;
		};
/* End PBXFrameworksBuildPhase section */

/* Begin PBXGroup section */
		CEC96C4E2726F9EC00078099 = {
			isa = PBXGroup;
			children = (
				CEC96C592726F9EC00078099 /* CoreDataDemo */,
				CEC96C582726F9EC00078099 /* Products */,
			);
			sourceTree = "<group>";
		};
		CEC96C582726F9EC00078099 /* Products */ = {
			isa = PBXGroup;
			children = (
				CEC96C572726F9EC00078099 /* CoreDataDemo.app */,
			);
			name = Products;
			sourceTree = "<group>";
		};
		CEC96C592726F9EC00078099 /* CoreDataDemo */ = {
			isa = PBXGroup;
			children = (
				CEC96C7A2727071100078099 /* Module */,
				CEC96C79272706FF00078099 /* Resources */,
				CEC96C78272706F500078099 /* Storyboard */,
				CEC96C77272706E200078099 /* AppDelegate */,
				CEC96C732726FF9600078099 /* CoreDataAction */,
				CEC96C6B2726F9ED00078099 /* Info.plist */,
				CEC96C632726F9EC00078099 /* CoreDataDemo.xcdatamodeld */,
			);
			path = CoreDataDemo;
			sourceTree = "<group>";
		};
		CEC96C732726FF9600078099 /* CoreDataAction */ = {
			isa = PBXGroup;
			children = (
				CEC96C8227270DA500078099 /* UserCoreDataAction.swift */,
			);
			path = CoreDataAction;
			sourceTree = "<group>";
		};
		CEC96C76272706DE00078099 /* Cell */ = {
			isa = PBXGroup;
			children = (
				CEC96C7D2727073A00078099 /* HomeTableViewCell.swift */,
			);
			path = Cell;
			sourceTree = "<group>";
		};
		CEC96C77272706E200078099 /* AppDelegate */ = {
			isa = PBXGroup;
			children = (
				CEC96C5A2726F9EC00078099 /* AppDelegate.swift */,
				CEC96C5C2726F9EC00078099 /* SceneDelegate.swift */,
			);
			path = AppDelegate;
			sourceTree = "<group>";
		};
		CEC96C78272706F500078099 /* Storyboard */ = {
			isa = PBXGroup;
			children = (
				CEC96C682726F9ED00078099 /* LaunchScreen.storyboard */,
				CEC96C602726F9EC00078099 /* Main.storyboard */,
			);
			path = Storyboard;
			sourceTree = "<group>";
		};
		CEC96C79272706FF00078099 /* Resources */ = {
			isa = PBXGroup;
			children = (
				CEC96C662726F9ED00078099 /* Assets.xcassets */,
			);
			path = Resources;
			sourceTree = "<group>";
		};
		CEC96C7A2727071100078099 /* Module */ = {
			isa = PBXGroup;
			children = (
				CEC96C7C2727071D00078099 /* Home */,
				CEC96C7B2727071500078099 /* Signup */,
			);
			path = Module;
			sourceTree = "<group>";
		};
		CEC96C7B2727071500078099 /* Signup */ = {
			isa = PBXGroup;
			children = (
				CEC96C5E2726F9EC00078099 /* ViewController.swift */,
			);
			path = Signup;
			sourceTree = "<group>";
		};
		CEC96C7C2727071D00078099 /* Home */ = {
			isa = PBXGroup;
			children = (
				CEC96C7F272708B900078099 /* Model */,
				CEC96C76272706DE00078099 /* Cell */,
				CEC96C712726FF8D00078099 /* HomeViewController.swift */,
			);
			path = Home;
			sourceTree = "<group>";
		};
		CEC96C7F272708B900078099 /* Model */ = {
			isa = PBXGroup;
			children = (
				CEC96C80272708C800078099 /* UserModel.swift */,
			);
			path = Model;
			sourceTree = "<group>";
		};
/* End PBXGroup section */

/* Begin PBXNativeTarget section */
		CEC96C562726F9EC00078099 /* CoreDataDemo */ = {
			isa = PBXNativeTarget;
			buildConfigurationList = CEC96C6E2726F9ED00078099 /* Build configuration list for PBXNativeTarget "CoreDataDemo" */;
			buildPhases = (
				CEC96C532726F9EC00078099 /* Sources */,
				CEC96C542726F9EC00078099 /* Frameworks */,
				CEC96C552726F9EC00078099 /* Resources */,
			);
			buildRules = (
			);
			dependencies = (
			);
			name = CoreDataDemo;
			productName = CoreDataDemo;
			productReference = CEC96C572726F9EC00078099 /* CoreDataDemo.app */;
			productType = "com.apple.product-type.application";
		};
/* End PBXNativeTarget section */

/* Begin PBXProject section */
		CEC96C4F2726F9EC00078099 /* Project object */ = {
			isa = PBXProject;
			attributes = {
				LastSwiftUpdateCheck = 1250;
				LastUpgradeCheck = 1250;
				TargetAttributes = {
					CEC96C562726F9EC00078099 = {
						CreatedOnToolsVersion = 12.5;
					};
				};
			};
			buildConfigurationList = CEC96C522726F9EC00078099 /* Build configuration list for PBXProject "CoreDataDemo" */;
			compatibilityVersion = "Xcode 9.3";
			developmentRegion = en;
			hasScannedForEncodings = 0;
			knownRegions = (
				en,
				Base,
			);
			mainGroup = CEC96C4E2726F9EC00078099;
			productRefGroup = CEC96C582726F9EC00078099 /* Products */;
			projectDirPath = "";
			projectRoot = "";
			targets = (
				CEC96C562726F9EC00078099 /* CoreDataDemo */,
			);
		};
/* End PBXProject section */

/* Begin PBXResourcesBuildPhase section */
		CEC96C552726F9EC00078099 /* Resources */ = {
			isa = PBXResourcesBuildPhase;
			buildActionMask = 2147483647;
			files = (
				CEC96C6A2726F9ED00078099 /* LaunchScreen.storyboard in Resources */,
				CEC96C672726F9ED00078099 /* Assets.xcassets in Resources */,
				CEC96C622726F9EC00078099 /* Main.storyboard in Resources */,
			);
			runOnlyForDeploymentPostprocessing = 0;
		};
/* End PBXResourcesBuildPhase section */

/* Begin PBXSourcesBuildPhase section */
		CEC96C532726F9EC00078099 /* Sources */ = {
			isa = PBXSourcesBuildPhase;
			buildActionMask = 2147483647;
			files = (
				CEC96C8327270DA500078099 /* UserCoreDataAction.swift in Sources */,
				CEC96C722726FF8D00078099 /* HomeViewController.swift in Sources */,
				CEC96C81272708C800078099 /* UserModel.swift in Sources */,
				CEC96C7E2727073A00078099 /* HomeTableViewCell.swift in Sources */,
				CEC96C5F2726F9EC00078099 /* ViewController.swift in Sources */,
				CEC96C652726F9EC00078099 /* CoreDataDemo.xcdatamodeld in Sources */,
				CEC96C5B2726F9EC00078099 /* AppDelegate.swift in Sources */,
				CEC96C5D2726F9EC00078099 /* SceneDelegate.swift in Sources */,
			);
			runOnlyForDeploymentPostprocessing = 0;
		};
/* End PBXSourcesBuildPhase section */

/* Begin PBXVariantGroup section */
		CEC96C602726F9EC00078099 /* Main.storyboard */ = {
			isa = PBXVariantGroup;
			children = (
				CEC96C612726F9EC00078099 /* Base */,
			);
			name = Main.storyboard;
			sourceTree = "<group>";
		};
		CEC96C682726F9ED00078099 /* LaunchScreen.storyboard */ = {
			isa = PBXVariantGroup;
			children = (
				CEC96C692726F9ED00078099 /* Base */,
			);
			name = LaunchScreen.storyboard;
			sourceTree = "<group>";
		};
/* End PBXVariantGroup section */

/* Begin XCBuildConfiguration section */
		CEC96C6C2726F9ED00078099 /* Debug */ = {
			isa = XCBuildConfiguration;
			buildSettings = {
				ALWAYS_SEARCH_USER_PATHS = NO;
				CLANG_ANALYZER_NONNULL = YES;
				CLANG_ANALYZER_NUMBER_OBJECT_CONVERSION = YES_AGGRESSIVE;
				CLANG_CXX_LANGUAGE_STANDARD = "gnu++14";
				CLANG_CXX_LIBRARY = "libc++";
				CLANG_ENABLE_MODULES = YES;
				CLANG_ENABLE_OBJC_ARC = YES;
				CLANG_ENABLE_OBJC_WEAK = YES;
				CLANG_WARN_BLOCK_CAPTURE_AUTORELEASING = YES;
				CLANG_WARN_BOOL_CONVERSION = YES;
				CLANG_WARN_COMMA = YES;
				CLANG_WARN_CONSTANT_CONVERSION = YES;
				CLANG_WARN_DEPRECATED_OBJC_IMPLEMENTATIONS = YES;
				CLANG_WARN_DIRECT_OBJC_ISA_USAGE = YES_ERROR;
				CLANG_WARN_DOCUMENTATION_COMMENTS = YES;
				CLANG_WARN_EMPTY_BODY = YES;
				CLANG_WARN_ENUM_CONVERSION = YES;
				CLANG_WARN_INFINITE_RECURSION = YES;
				CLANG_WARN_INT_CONVERSION = YES;
				CLANG_WARN_NON_LITERAL_NULL_CONVERSION = YES;
				CLANG_WARN_OBJC_IMPLICIT_RETAIN_SELF = YES;
				CLANG_WARN_OBJC_LITERAL_CONVERSION = YES;
				CLANG_WARN_OBJC_ROOT_CLASS = YES_ERROR;
				CLANG_WARN_QUOTED_INCLUDE_IN_FRAMEWORK_HEADER = YES;
				CLANG_WARN_RANGE_LOOP_ANALYSIS = YES;
				CLANG_WARN_STRICT_PROTOTYPES = YES;
				CLANG_WARN_SUSPICIOUS_MOVE = YES;
				CLANG_WARN_UNGUARDED_AVAILABILITY = YES_AGGRESSIVE;
				CLANG_WARN_UNREACHABLE_CODE = YES;
				CLANG_WARN__DUPLICATE_METHOD_MATCH = YES;
				COPY_PHASE_STRIP = NO;
				DEBUG_INFORMATION_FORMAT = dwarf;
				ENABLE_STRICT_OBJC_MSGSEND = YES;
				ENABLE_TESTABILITY = YES;
				GCC_C_LANGUAGE_STANDARD = gnu11;
				GCC_DYNAMIC_NO_PIC = NO;
				GCC_NO_COMMON_BLOCKS = YES;
				GCC_OPTIMIZATION_LEVEL = 0;
				GCC_PREPROCESSOR_DEFINITIONS = (
					"DEBUG=1",
					"$(inherited)",
				);
				GCC_WARN_64_TO_32_BIT_CONVERSION = YES;
				GCC_WARN_ABOUT_RETURN_TYPE = YES_ERROR;
				GCC_WARN_UNDECLARED_SELECTOR = YES;
				GCC_WARN_UNINITIALIZED_AUTOS = YES_AGGRESSIVE;
				GCC_WARN_UNUSED_FUNCTION = YES;
				GCC_WARN_UNUSED_VARIABLE = YES;
				IPHONEOS_DEPLOYMENT_TARGET = 14.5;
				MTL_ENABLE_DEBUG_INFO = INCLUDE_SOURCE;
				MTL_FAST_MATH = YES;
				ONLY_ACTIVE_ARCH = YES;
				SDKROOT = iphoneos;
				SWIFT_ACTIVE_COMPILATION_CONDITIONS = DEBUG;
				SWIFT_OPTIMIZATION_LEVEL = "-Onone";
			};
			name = Debug;
		};
		CEC96C6D2726F9ED00078099 /* Release */ = {
			isa = XCBuildConfiguration;
			buildSettings = {
				ALWAYS_SEARCH_USER_PATHS = NO;
				CLANG_ANALYZER_NONNULL = YES;
				CLANG_ANALYZER_NUMBER_OBJECT_CONVERSION = YES_AGGRESSIVE;
				CLANG_CXX_LANGUAGE_STANDARD = "gnu++14";
				CLANG_CXX_LIBRARY = "libc++";
				CLANG_ENABLE_MODULES = YES;
				CLANG_ENABLE_OBJC_ARC = YES;
				CLANG_ENABLE_OBJC_WEAK = YES;
				CLANG_WARN_BLOCK_CAPTURE_AUTORELEASING = YES;
				CLANG_WARN_BOOL_CONVERSION = YES;
				CLANG_WARN_COMMA = YES;
				CLANG_WARN_CONSTANT_CONVERSION = YES;
				CLANG_WARN_DEPRECATED_OBJC_IMPLEMENTATIONS = YES;
				CLANG_WARN_DIRECT_OBJC_ISA_USAGE = YES_ERROR;
				CLANG_WARN_DOCUMENTATION_COMMENTS = YES;
				CLANG_WARN_EMPTY_BODY = YES;
				CLANG_WARN_ENUM_CONVERSION = YES;
				CLANG_WARN_INFINITE_RECURSION = YES;
				CLANG_WARN_INT_CONVERSION = YES;
				CLANG_WARN_NON_LITERAL_NULL_CONVERSION = YES;
				CLANG_WARN_OBJC_IMPLICIT_RETAIN_SELF = YES;
				CLANG_WARN_OBJC_LITERAL_CONVERSION = YES;
				CLANG_WARN_OBJC_ROOT_CLASS = YES_ERROR;
				CLANG_WARN_QUOTED_INCLUDE_IN_FRAMEWORK_HEADER = YES;
				CLANG_WARN_RANGE_LOOP_ANALYSIS = YES;
				CLANG_WARN_STRICT_PROTOTYPES = YES;
				CLANG_WARN_SUSPICIOUS_MOVE = YES;
				CLANG_WARN_UNGUARDED_AVAILABILITY = YES_AGGRESSIVE;
				CLANG_WARN_UNREACHABLE_CODE = YES;
				CLANG_WARN__DUPLICATE_METHOD_MATCH = YES;
				COPY_PHASE_STRIP = NO;
				DEBUG_INFORMATION_FORMAT = "dwarf-with-dsym";
				ENABLE_NS_ASSERTIONS = NO;
				ENABLE_STRICT_OBJC_MSGSEND = YES;
				GCC_C_LANGUAGE_STANDARD = gnu11;
				GCC_NO_COMMON_BLOCKS = YES;
				GCC_WARN_64_TO_32_BIT_CONVERSION = YES;
				GCC_WARN_ABOUT_RETURN_TYPE = YES_ERROR;
				GCC_WARN_UNDECLARED_SELECTOR = YES;
				GCC_WARN_UNINITIALIZED_AUTOS = YES_AGGRESSIVE;
				GCC_WARN_UNUSED_FUNCTION = YES;
				GCC_WARN_UNUSED_VARIABLE = YES;
				IPHONEOS_DEPLOYMENT_TARGET = 14.5;
				MTL_ENABLE_DEBUG_INFO = NO;
				MTL_FAST_MATH = YES;
				SDKROOT = iphoneos;
				SWIFT_COMPILATION_MODE = wholemodule;
				SWIFT_OPTIMIZATION_LEVEL = "-O";
				VALIDATE_PRODUCT = YES;
			};
			name = Release;
		};
		CEC96C6F2726F9ED00078099 /* Debug */ = {
			isa = XCBuildConfiguration;
			buildSettings = {
				ASSETCATALOG_COMPILER_APPICON_NAME = AppIcon;
				ASSETCATALOG_COMPILER_GLOBAL_ACCENT_COLOR_NAME = AccentColor;
				CODE_SIGN_STYLE = Automatic;
				INFOPLIST_FILE = CoreDataDemo/Info.plist;
				IPHONEOS_DEPLOYMENT_TARGET = 13.0;
				LD_RUNPATH_SEARCH_PATHS = (
					"$(inherited)",
					"@executable_path/Frameworks",
				);
				PRODUCT_BUNDLE_IDENTIFIER = affle.CoreDataDemo;
				PRODUCT_NAME = "$(TARGET_NAME)";
				SWIFT_VERSION = 5.0;
				TARGETED_DEVICE_FAMILY = "1,2";
			};
			name = Debug;
		};
		CEC96C702726F9ED00078099 /* Release */ = {
			isa = XCBuildConfiguration;
			buildSettings = {
				ASSETCATALOG_COMPILER_APPICON_NAME = AppIcon;
				ASSETCATALOG_COMPILER_GLOBAL_ACCENT_COLOR_NAME = AccentColor;
				CODE_SIGN_STYLE = Automatic;
				INFOPLIST_FILE = CoreDataDemo/Info.plist;
				IPHONEOS_DEPLOYMENT_TARGET = 13.0;
				LD_RUNPATH_SEARCH_PATHS = (
					"$(inherited)",
					"@executable_path/Frameworks",
				);
				PRODUCT_BUNDLE_IDENTIFIER = affle.CoreDataDemo;
				PRODUCT_NAME = "$(TARGET_NAME)";
				SWIFT_VERSION = 5.0;
				TARGETED_DEVICE_FAMILY = "1,2";
			};
			name = Release;
		};
/* End XCBuildConfiguration section */

/* Begin XCConfigurationList section */
		CEC96C522726F9EC00078099 /* Build configuration list for PBXProject "CoreDataDemo" */ = {
			isa = XCConfigurationList;
			buildConfigurations = (
				CEC96C6C2726F9ED00078099 /* Debug */,
				CEC96C6D2726F9ED00078099 /* Release */,
			);
			defaultConfigurationIsVisible = 0;
			defaultConfigurationName = Release;
		};
		CEC96C6E2726F9ED00078099 /* Build configuration list for PBXNativeTarget "CoreDataDemo" */ = {
			isa = XCConfigurationList;
			buildConfigurations = (
				CEC96C6F2726F9ED00078099 /* Debug */,
				CEC96C702726F9ED00078099 /* Release */,
			);
			defaultConfigurationIsVisible = 0;
			defaultConfigurationName = Release;
		};
/* End XCConfigurationList section */

/* Begin XCVersionGroup section */
		CEC96C632726F9EC00078099 /* CoreDataDemo.xcdatamodeld */ = {
			isa = XCVersionGroup;
			children = (
				CEC96C642726F9EC00078099 /* CoreDataDemo.xcdatamodel */,
			);
			currentVersion = CEC96C642726F9EC00078099 /* CoreDataDemo.xcdatamodel */;
			path = CoreDataDemo.xcdatamodeld;
			sourceTree = "<group>";
			versionGroupType = wrapper.xcdatamodel;
		};
/* End XCVersionGroup section */
	};
	rootObject = CEC96C4F2726F9EC00078099 /* Project object */;
}
